// !$*UTF8*$!
{
	archiveVersion = 1;
	classes = {
	};
	objectVersion = 56;
	objects = {

/* Begin PBXBuildFile section */
		FE86134929BB28D1008EF764 /* AppDelegate.swift in Sources */ = {isa = PBXBuildFile; fileRef = FE86134829BB28D1008EF764 /* AppDelegate.swift */; };
		FE86134B29BB28D1008EF764 /* SceneDelegate.swift in Sources */ = {isa = PBXBuildFile; fileRef = FE86134A29BB28D1008EF764 /* SceneDelegate.swift */; };
		FE86134D29BB28D1008EF764 /* ViewController.swift in Sources */ = {isa = PBXBuildFile; fileRef = FE86134C29BB28D1008EF764 /* ViewController.swift */; };
		FE86135029BB28D1008EF764 /* Main.storyboard in Resources */ = {isa = PBXBuildFile; fileRef = FE86134E29BB28D1008EF764 /* Main.storyboard */; };
		FE86135229BB28D2008EF764 /* Assets.xcassets in Resources */ = {isa = PBXBuildFile; fileRef = FE86135129BB28D2008EF764 /* Assets.xcassets */; };
		FE86135529BB28D2008EF764 /* LaunchScreen.storyboard in Resources */ = {isa = PBXBuildFile; fileRef = FE86135329BB28D2008EF764 /* LaunchScreen.storyboard */; };
		FE91143D29BF15D40001C0DA /* GenerateRandomValue.swift in Sources */ = {isa = PBXBuildFile; fileRef = FE91143C29BF15D40001C0DA /* GenerateRandomValue.swift */; };
/* End PBXBuildFile section */

/* Begin PBXFileReference section */
		FE86134529BB28D1008EF764 /* Bulls Eye build 2.app */ = {isa = PBXFileReference; explicitFileType = wrapper.application; includeInIndex = 0; path = "Bulls Eye build 2.app"; sourceTree = BUILT_PRODUCTS_DIR; };
		FE86134829BB28D1008EF764 /* AppDelegate.swift */ = {isa = PBXFileReference; lastKnownFileType = sourcecode.swift; path = AppDelegate.swift; sourceTree = "<group>"; };
		FE86134A29BB28D1008EF764 /* SceneDelegate.swift */ = {isa = PBXFileReference; lastKnownFileType = sourcecode.swift; path = SceneDelegate.swift; sourceTree = "<group>"; };
		FE86134C29BB28D1008EF764 /* ViewController.swift */ = {isa = PBXFileReference; lastKnownFileType = sourcecode.swift; path = ViewController.swift; sourceTree = "<group>"; };
		FE86134F29BB28D1008EF764 /* Base */ = {isa = PBXFileReference; lastKnownFileType = file.storyboard; name = Base; path = Base.lproj/Main.storyboard; sourceTree = "<group>"; };
		FE86135129BB28D2008EF764 /* Assets.xcassets */ = {isa = PBXFileReference; lastKnownFileType = folder.assetcatalog; path = Assets.xcassets; sourceTree = "<group>"; };
		FE86135429BB28D2008EF764 /* Base */ = {isa = PBXFileReference; lastKnownFileType = file.storyboard; name = Base; path = Base.lproj/LaunchScreen.storyboard; sourceTree = "<group>"; };
		FE86135629BB28D2008EF764 /* Info.plist */ = {isa = PBXFileReference; lastKnownFileType = text.plist.xml; path = Info.plist; sourceTree = "<group>"; };
		FE91143C29BF15D40001C0DA /* GenerateRandomValue.swift */ = {isa = PBXFileReference; lastKnownFileType = sourcecode.swift; path = GenerateRandomValue.swift; sourceTree = "<group>"; };
/* End PBXFileReference section */

/* Begin PBXFrameworksBuildPhase section */
		FE86134229BB28D1008EF764 /* Frameworks */ = {
			isa = PBXFrameworksBuildPhase;
			buildActionMask = 2147483647;
			files = (
			);
			runOnlyForDeploymentPostprocessing = 0;
		};
/* End PBXFrameworksBuildPhase section */

/* Begin PBXGroup section */
		FE86133C29BB28D1008EF764 = {
			isa = PBXGroup;
			children = (
				FE86134729BB28D1008EF764 /* Bulls Eye build 2 */,
				FE86134629BB28D1008EF764 /* Products */,
			);
			sourceTree = "<group>";
		};
		FE86134629BB28D1008EF764 /* Products */ = {
			isa = PBXGroup;
			children = (
				FE86134529BB28D1008EF764 /* Bulls Eye build 2.app */,
			);
			name = Products;
			sourceTree = "<group>";
		};
		FE86134729BB28D1008EF764 /* Bulls Eye build 2 */ = {
			isa = PBXGroup;
			children = (
				FE86134829BB28D1008EF764 /* AppDelegate.swift */,
				FE91143C29BF15D40001C0DA /* GenerateRandomValue.swift */,
				FE86134A29BB28D1008EF764 /* SceneDelegate.swift */,
				FE86134C29BB28D1008EF764 /* ViewController.swift */,
				FE86134E29BB28D1008EF764 /* Main.storyboard */,
				FE86135129BB28D2008EF764 /* Assets.xcassets */,
				FE86135329BB28D2008EF764 /* LaunchScreen.storyboard */,
				FE86135629BB28D2008EF764 /* Info.plist */,
			);
			path = "Bulls Eye build 2";
			sourceTree = "<group>";
		};
/* End PBXGroup section */

/* Begin PBXNativeTarget section */
		FE86134429BB28D1008EF764 /* Bulls Eye build 2 */ = {
			isa = PBXNativeTarget;
			buildConfigurationList = FE86135929BB28D2008EF764 /* Build configuration list for PBXNativeTarget "Bulls Eye build 2" */;
			buildPhases = (
				FE86134129BB28D1008EF764 /* Sources */,
				FE86134229BB28D1008EF764 /* Frameworks */,
				FE86134329BB28D1008EF764 /* Resources */,
			);
			buildRules = (
			);
			dependencies = (
			);
			name = "Bulls Eye build 2";
			productName = "Bulls Eye build 2";
			productReference = FE86134529BB28D1008EF764 /* Bulls Eye build 2.app */;
			productType = "com.apple.product-type.application";
		};
/* End PBXNativeTarget section */

/* Begin PBXProject section */
		FE86133D29BB28D1008EF764 /* Project object */ = {
			isa = PBXProject;
			attributes = {
				BuildIndependentTargetsInParallel = 1;
				LastSwiftUpdateCheck = 1400;
				LastUpgradeCheck = 1400;
				TargetAttributes = {
					FE86134429BB28D1008EF764 = {
						CreatedOnToolsVersion = 14.0;
					};
				};
			};
			buildConfigurationList = FE86134029BB28D1008EF764 /* Build configuration list for PBXProject "Bulls Eye build 2" */;
			compatibilityVersion = "Xcode 14.0";
			developmentRegion = en;
			hasScannedForEncodings = 0;
			knownRegions = (
				en,
				Base,
			);
			mainGroup = FE86133C29BB28D1008EF764;
			productRefGroup = FE86134629BB28D1008EF764 /* Products */;
			projectDirPath = "";
			projectRoot = "";
			targets = (
				FE86134429BB28D1008EF764 /* Bulls Eye build 2 */,
			);
		};
/* End PBXProject section */

/* Begin PBXResourcesBuildPhase section */
		FE86134329BB28D1008EF764 /* Resources */ = {
			isa = PBXResourcesBuildPhase;
			buildActionMask = 2147483647;
			files = (
				FE86135529BB28D2008EF764 /* LaunchScreen.storyboard in Resources */,
				FE86135229BB28D2008EF764 /* Assets.xcassets in Resources */,
				FE86135029BB28D1008EF764 /* Main.storyboard in Resources */,
			);
			runOnlyForDeploymentPostprocessing = 0;
		};
/* End PBXResourcesBuildPhase section */

/* Begin PBXSourcesBuildPhase section */
		FE86134129BB28D1008EF764 /* Sources */ = {
			isa = PBXSourcesBuildPhase;
			buildActionMask = 2147483647;
			files = (
				FE86134D29BB28D1008EF764 /* ViewController.swift in Sources */,
				FE91143D29BF15D40001C0DA /* GenerateRandomValue.swift in Sources */,
				FE86134929BB28D1008EF764 /* AppDelegate.swift in Sources */,
				FE86134B29BB28D1008EF764 /* SceneDelegate.swift in Sources */,
			);
			runOnlyForDeploymentPostprocessing = 0;
		};
/* End PBXSourcesBuildPhase section */

/* Begin PBXVariantGroup section */
		FE86134E29BB28D1008EF764 /* Main.storyboard */ = {
			isa = PBXVariantGroup;
			children = (
				FE86134F29BB28D1008EF764 /* Base */,
			);
			name = Main.storyboard;
			sourceTree = "<group>";
		};
		FE86135329BB28D2008EF764 /* LaunchScreen.storyboard */ = {
			isa = PBXVariantGroup;
			children = (
				FE86135429BB28D2008EF764 /* Base */,
			);
			name = LaunchScreen.storyboard;
			sourceTree = "<group>";
		};
/* End PBXVariantGroup section */

/* Begin XCBuildConfiguration section */
		FE86135729BB28D2008EF764 /* Debug */ = {
			isa = XCBuildConfiguration;
			buildSettings = {
				ALWAYS_SEARCH_USER_PATHS = NO;
				CLANG_ANALYZER_NONNULL = YES;
				CLANG_ANALYZER_NUMBER_OBJECT_CONVERSION = YES_AGGRESSIVE;
				CLANG_CXX_LANGUAGE_STANDARD = "gnu++20";
				CLANG_ENABLE_MODULES = YES;
				CLANG_ENABLE_OBJC_ARC = YES;
				CLANG_ENABLE_OBJC_WEAK = YES;
				CLANG_WARN_BLOCK_CAPTURE_AUTORELEASING = YES;
				CLANG_WARN_BOOL_CONVERSION = YES;
				CLANG_WARN_COMMA = YES;
				CLANG_WARN_CONSTANT_CONVERSION = YES;
				CLANG_WARN_DEPRECATED_OBJC_IMPLEMENTATIONS = YES;
				CLANG_WARN_DIRECT_OBJC_ISA_USAGE = YES_ERROR;
				CLANG_WARN_DOCUMENTATION_COMMENTS = YES;
				CLANG_WARN_EMPTY_BODY = YES;
				CLANG_WARN_ENUM_CONVERSION = YES;
				CLANG_WARN_INFINITE_RECURSION = YES;
				CLANG_WARN_INT_CONVERSION = YES;
				CLANG_WARN_NON_LITERAL_NULL_CONVERSION = YES;
				CLANG_WARN_OBJC_IMPLICIT_RETAIN_SELF = YES;
				CLANG_WARN_OBJC_LITERAL_CONVERSION = YES;
				CLANG_WARN_OBJC_ROOT_CLASS = YES_ERROR;
				CLANG_WARN_QUOTED_INCLUDE_IN_FRAMEWORK_HEADER = YES;
				CLANG_WARN_RANGE_LOOP_ANALYSIS = YES;
				CLANG_WARN_STRICT_PROTOTYPES = YES;
				CLANG_WARN_SUSPICIOUS_MOVE = YES;
				CLANG_WARN_UNGUARDED_AVAILABILITY = YES_AGGRESSIVE;
				CLANG_WARN_UNREACHABLE_CODE = YES;
				CLANG_WARN__DUPLICATE_METHOD_MATCH = YES;
				COPY_PHASE_STRIP = NO;
				DEBUG_INFORMATION_FORMAT = dwarf;
				ENABLE_STRICT_OBJC_MSGSEND = YES;
				ENABLE_TESTABILITY = YES;
				GCC_C_LANGUAGE_STANDARD = gnu11;
				GCC_DYNAMIC_NO_PIC = NO;
				GCC_NO_COMMON_BLOCKS = YES;
				GCC_OPTIMIZATION_LEVEL = 0;
				GCC_PREPROCESSOR_DEFINITIONS = (
					"DEBUG=1",
					"$(inherited)",
				);
				GCC_WARN_64_TO_32_BIT_CONVERSION = YES;
				GCC_WARN_ABOUT_RETURN_TYPE = YES_ERROR;
				GCC_WARN_UNDECLARED_SELECTOR = YES;
				GCC_WARN_UNINITIALIZED_AUTOS = YES_AGGRESSIVE;
				GCC_WARN_UNUSED_FUNCTION = YES;
				GCC_WARN_UNUSED_VARIABLE = YES;
				IPHONEOS_DEPLOYMENT_TARGET = 16.0;
				MTL_ENABLE_DEBUG_INFO = INCLUDE_SOURCE;
				MTL_FAST_MATH = YES;
				ONLY_ACTIVE_ARCH = YES;
				SDKROOT = iphoneos;
				SWIFT_ACTIVE_COMPILATION_CONDITIONS = DEBUG;
				SWIFT_OPTIMIZATION_LEVEL = "-Onone";
			};
			name = Debug;
		};
		FE86135829BB28D2008EF764 /* Release */ = {
			isa = XCBuildConfiguration;
			buildSettings = {
				ALWAYS_SEARCH_USER_PATHS = NO;
				CLANG_ANALYZER_NONNULL = YES;
				CLANG_ANALYZER_NUMBER_OBJECT_CONVERSION = YES_AGGRESSIVE;
				CLANG_CXX_LANGUAGE_STANDARD = "gnu++20";
				CLANG_ENABLE_MODULES = YES;
				CLANG_ENABLE_OBJC_ARC = YES;
				CLANG_ENABLE_OBJC_WEAK = YES;
				CLANG_WARN_BLOCK_CAPTURE_AUTORELEASING = YES;
				CLANG_WARN_BOOL_CONVERSION = YES;
				CLANG_WARN_COMMA = YES;
				CLANG_WARN_CONSTANT_CONVERSION = YES;
				CLANG_WARN_DEPRECATED_OBJC_IMPLEMENTATIONS = YES;
				CLANG_WARN_DIRECT_OBJC_ISA_USAGE = YES_ERROR;
				CLANG_WARN_DOCUMENTATION_COMMENTS = YES;
				CLANG_WARN_EMPTY_BODY = YES;
				CLANG_WARN_ENUM_CONVERSION = YES;
				CLANG_WARN_INFINITE_RECURSION = YES;
				CLANG_WARN_INT_CONVERSION = YES;
				CLANG_WARN_NON_LITERAL_NULL_CONVERSION = YES;
				CLANG_WARN_OBJC_IMPLICIT_RETAIN_SELF = YES;
				CLANG_WARN_OBJC_LITERAL_CONVERSION = YES;
				CLANG_WARN_OBJC_ROOT_CLASS = YES_ERROR;
				CLANG_WARN_QUOTED_INCLUDE_IN_FRAMEWORK_HEADER = YES;
				CLANG_WARN_RANGE_LOOP_ANALYSIS = YES;
				CLANG_WARN_STRICT_PROTOTYPES = YES;
				CLANG_WARN_SUSPICIOUS_MOVE = YES;
				CLANG_WARN_UNGUARDED_AVAILABILITY = YES_AGGRESSIVE;
				CLANG_WARN_UNREACHABLE_CODE = YES;
				CLANG_WARN__DUPLICATE_METHOD_MATCH = YES;
				COPY_PHASE_STRIP = NO;
				DEBUG_INFORMATION_FORMAT = "dwarf-with-dsym";
				ENABLE_NS_ASSERTIONS = NO;
				ENABLE_STRICT_OBJC_MSGSEND = YES;
				GCC_C_LANGUAGE_STANDARD = gnu11;
				GCC_NO_COMMON_BLOCKS = YES;
				GCC_WARN_64_TO_32_BIT_CONVERSION = YES;
				GCC_WARN_ABOUT_RETURN_TYPE = YES_ERROR;
				GCC_WARN_UNDECLARED_SELECTOR = YES;
				GCC_WARN_UNINITIALIZED_AUTOS = YES_AGGRESSIVE;
				GCC_WARN_UNUSED_FUNCTION = YES;
				GCC_WARN_UNUSED_VARIABLE = YES;
				IPHONEOS_DEPLOYMENT_TARGET = 16.0;
				MTL_ENABLE_DEBUG_INFO = NO;
				MTL_FAST_MATH = YES;
				SDKROOT = iphoneos;
				SWIFT_COMPILATION_MODE = wholemodule;
				SWIFT_OPTIMIZATION_LEVEL = "-O";
				VALIDATE_PRODUCT = YES;
			};
			name = Release;
		};
		FE86135A29BB28D2008EF764 /* Debug */ = {
			isa = XCBuildConfiguration;
			buildSettings = {
				ASSETCATALOG_COMPILER_APPICON_NAME = AppIcon;
				ASSETCATALOG_COMPILER_GLOBAL_ACCENT_COLOR_NAME = AccentColor;
				CODE_SIGN_STYLE = Automatic;
				CURRENT_PROJECT_VERSION = 2;
				DEVELOPMENT_TEAM = F6JM347KR9;
				GENERATE_INFOPLIST_FILE = YES;
				INFOPLIST_FILE = "Bulls Eye build 2/Info.plist";
				INFOPLIST_KEY_UIApplicationSupportsIndirectInputEvents = YES;
				INFOPLIST_KEY_UILaunchStoryboardName = LaunchScreen;
				INFOPLIST_KEY_UIMainStoryboardFile = Main;
				INFOPLIST_KEY_UIStatusBarHidden = YES;
				INFOPLIST_KEY_UISupportedInterfaceOrientations = "UIInterfaceOrientationLandscapeLeft UIInterfaceOrientationLandscapeRight UIInterfaceOrientationPortraitUpsideDown";
				LD_RUNPATH_SEARCH_PATHS = (
					"$(inherited)",
					"@executable_path/Frameworks",
				);
				MARKETING_VERSION = 1.0;
				PRODUCT_BUNDLE_IDENTIFIER = "sw.Bulls-Eye-v.2";
				PRODUCT_NAME = "$(TARGET_NAME)";
				SWIFT_EMIT_LOC_STRINGS = YES;
				SWIFT_VERSION = 5.0;
				TARGETED_DEVICE_FAMILY = "1,2";
			};
			name = Debug;
		};
		FE86135B29BB28D2008EF764 /* Release */ = {
			isa = XCBuildConfiguration;
			buildSettings = {
				ASSETCATALOG_COMPILER_APPICON_NAME = AppIcon;
				ASSETCATALOG_COMPILER_GLOBAL_ACCENT_COLOR_NAME = AccentColor;
				CODE_SIGN_STYLE = Automatic;
				CURRENT_PROJECT_VERSION = 2;
				DEVELOPMENT_TEAM = F6JM347KR9;
				GENERATE_INFOPLIST_FILE = YES;
				INFOPLIST_FILE = "Bulls Eye build 2/Info.plist";
				INFOPLIST_KEY_UIApplicationSupportsIndirectInputEvents = YES;
				INFOPLIST_KEY_UILaunchStoryboardName = LaunchScreen;
				INFOPLIST_KEY_UIMainStoryboardFile = Main;
				INFOPLIST_KEY_UIStatusBarHidden = YES;
				INFOPLIST_KEY_UISupportedInterfaceOrientations = "UIInterfaceOrientationLandscapeLeft UIInterfaceOrientationLandscapeRight UIInterfaceOrientationPortraitUpsideDown";
				LD_RUNPATH_SEARCH_PATHS = (
					"$(inherited)",
					"@executable_path/Frameworks",
				);
				MARKETING_VERSION = 1.0;
				PRODUCT_BUNDLE_IDENTIFIER = "sw.Bulls-Eye-v.2";
				PRODUCT_NAME = "$(TARGET_NAME)";
				SWIFT_EMIT_LOC_STRINGS = YES;
				SWIFT_VERSION = 5.0;
				TARGETED_DEVICE_FAMILY = "1,2";
			};
			name = Release;
		};
/* End XCBuildConfiguration section */

/* Begin XCConfigurationList section */
		FE86134029BB28D1008EF764 /* Build configuration list for PBXProject "Bulls Eye build 2" */ = {
			isa = XCConfigurationList;
			buildConfigurations = (
				FE86135729BB28D2008EF764 /* Debug */,
				FE86135829BB28D2008EF764 /* Release */,
			);
			defaultConfigurationIsVisible = 0;
			defaultConfigurationName = Release;
		};
		FE86135929BB28D2008EF764 /* Build configuration list for PBXNativeTarget "Bulls Eye build 2" */ = {
			isa = XCConfigurationList;
			buildConfigurations = (
				FE86135A29BB28D2008EF764 /* Debug */,
				FE86135B29BB28D2008EF764 /* Release */,
			);
			defaultConfigurationIsVisible = 0;
			defaultConfigurationName = Release;
		};
/* End XCConfigurationList section */
	};
	rootObject = FE86133D29BB28D1008EF764 /* Project object */;
}
